
Microsoft Visual Studio Solution File, Format Version 12.00
# Visual Studio Version 16
VisualStudioVersion = 16.0.31624.102
MinimumVisualStudioVersion = 10.0.40219.1
Project("{FAE04EC0-301F-11D3-BF4B-00C04F79EFBC}") = "WpfDemoWithInheritance", "WpfDemoWithInheritance\WpfDemoWithInheritance.csproj", "{6803866D-0EA6-4DCC-9D31-821D43BA896F}"
EndProject
Global
	GlobalSection(SolutionConfigurationPlatforms) = preSolution
		Debug|Any CPU = Debug|Any CPU
		Release|Any CPU = Release|Any CPU
	EndGlobalSection
	GlobalSection(ProjectConfigurationPlatforms) = postSolution
		{6803866D-0EA6-4DCC-9D31-821D43BA896F}.Debug|Any CPU.ActiveCfg = Debug|Any CPU
		{6803866D-0EA6-4DCC-9D31-821D43BA896F}.Debug|Any CPU.Build.0 = Debug|Any CPU
		{6803866D-0EA6-4DCC-9D31-821D43BA896F}.Release|Any CPU.ActiveCfg = Release|Any CPU
		{6803866D-0EA6-4DCC-9D31-821D43BA896F}.Release|Any CPU.Build.0 = Release|Any CPU
	EndGlobalSection
	GlobalSection(SolutionProperties) = preSolution
		HideSolutionNode = FALSE
	EndGlobalSection
	GlobalSection(ExtensibilityGlobals) = postSolution
		SolutionGuid = {1DA16F89-3242-472D-A660-22BFCE59D2E8}
	EndGlobalSection
EndGlobal
